
Microsoft Visual Studio Solution File, Format Version 12.00
# Visual Studio 14
VisualStudioVersion = 14.0.25420.1
MinimumVisualStudioVersion = 10.0.40219.1
Project("{FAE04EC0-301F-11D3-BF4B-00C04F79EFBC}") = "MainViewApplication", "MainViewApplication\MainViewApplication.csproj", "{0D02BF5F-F792-4958-85B0-28E1EDAE23E6}"
EndProject
Project("{FAE04EC0-301F-11D3-BF4B-00C04F79EFBC}") = "Hue", "..\Hue\Hue.csproj", "{FA43AF0D-9F77-4695-849D-FD26367C9089}"
EndProject
Project("{8BB2217D-0F2D-49D1-97BC-3654ED321F3B}") = "RazerChromaTools", "RazerChromaTools\RazerChromaTools.xproj", "{9A585C12-5702-4F68-98CC-CCF04E96A367}"
EndProject
Project("{8BB2217D-0F2D-49D1-97BC-3654ED321F3B}") = "Option", "..\Option\Option.xproj", "{8BF3AB16-39C0-4147-BCEF-491AFE6C0054}"
EndProject
Project("{8BB2217D-0F2D-49D1-97BC-3654ED321F3B}") = "ReactiveExtensions.Utils", "..\ReactiveExtensions.Utils\ReactiveExtensions.Utils.xproj", "{21DAA7A7-62DF-42E4-9286-3CD3D1D13CC4}"
EndProject
Project("{8BB2217D-0F2D-49D1-97BC-3654ED321F3B}") = "Utils", "..\Utils\Utils.xproj", "{2C88D148-8C7D-4D54-86F9-935E3F65F359}"
EndProject
Global
	GlobalSection(SolutionConfigurationPlatforms) = preSolution
		Debug|Any CPU = Debug|Any CPU
		Debug|x64 = Debug|x64
		Debug|x86 = Debug|x86
		Release|Any CPU = Release|Any CPU
		Release|x64 = Release|x64
		Release|x86 = Release|x86
	EndGlobalSection
	GlobalSection(ProjectConfigurationPlatforms) = postSolution
		{0D02BF5F-F792-4958-85B0-28E1EDAE23E6}.Debug|Any CPU.ActiveCfg = Debug|Any CPU
		{0D02BF5F-F792-4958-85B0-28E1EDAE23E6}.Debug|Any CPU.Build.0 = Debug|Any CPU
		{0D02BF5F-F792-4958-85B0-28E1EDAE23E6}.Debug|x64.ActiveCfg = Debug|Any CPU
		{0D02BF5F-F792-4958-85B0-28E1EDAE23E6}.Debug|x64.Build.0 = Debug|Any CPU
		{0D02BF5F-F792-4958-85B0-28E1EDAE23E6}.Debug|x86.ActiveCfg = Debug|Any CPU
		{0D02BF5F-F792-4958-85B0-28E1EDAE23E6}.Debug|x86.Build.0 = Debug|Any CPU
		{0D02BF5F-F792-4958-85B0-28E1EDAE23E6}.Release|Any CPU.ActiveCfg = Release|Any CPU
		{0D02BF5F-F792-4958-85B0-28E1EDAE23E6}.Release|Any CPU.Build.0 = Release|Any CPU
		{0D02BF5F-F792-4958-85B0-28E1EDAE23E6}.Release|x64.ActiveCfg = Release|Any CPU
		{0D02BF5F-F792-4958-85B0-28E1EDAE23E6}.Release|x64.Build.0 = Release|Any CPU
		{0D02BF5F-F792-4958-85B0-28E1EDAE23E6}.Release|x86.ActiveCfg = Release|Any CPU
		{0D02BF5F-F792-4958-85B0-28E1EDAE23E6}.Release|x86.Build.0 = Release|Any CPU
		{FA43AF0D-9F77-4695-849D-FD26367C9089}.Debug|Any CPU.ActiveCfg = Debug|Any CPU
		{FA43AF0D-9F77-4695-849D-FD26367C9089}.Debug|Any CPU.Build.0 = Debug|Any CPU
		{FA43AF0D-9F77-4695-849D-FD26367C9089}.Debug|x64.ActiveCfg = Debug|Any CPU
		{FA43AF0D-9F77-4695-849D-FD26367C9089}.Debug|x64.Build.0 = Debug|Any CPU
		{FA43AF0D-9F77-4695-849D-FD26367C9089}.Debug|x86.ActiveCfg = Debug|Any CPU
		{FA43AF0D-9F77-4695-849D-FD26367C9089}.Debug|x86.Build.0 = Debug|Any CPU
		{FA43AF0D-9F77-4695-849D-FD26367C9089}.Release|Any CPU.ActiveCfg = Release|Any CPU
		{FA43AF0D-9F77-4695-849D-FD26367C9089}.Release|Any CPU.Build.0 = Release|Any CPU
		{FA43AF0D-9F77-4695-849D-FD26367C9089}.Release|x64.ActiveCfg = Release|Any CPU
		{FA43AF0D-9F77-4695-849D-FD26367C9089}.Release|x64.Build.0 = Release|Any CPU
		{FA43AF0D-9F77-4695-849D-FD26367C9089}.Release|x86.ActiveCfg = Release|Any CPU
		{FA43AF0D-9F77-4695-849D-FD26367C9089}.Release|x86.Build.0 = Release|Any CPU
		{9A585C12-5702-4F68-98CC-CCF04E96A367}.Debug|Any CPU.ActiveCfg = Debug|Any CPU
		{9A585C12-5702-4F68-98CC-CCF04E96A367}.Debug|Any CPU.Build.0 = Debug|Any CPU
		{9A585C12-5702-4F68-98CC-CCF04E96A367}.Debug|x64.ActiveCfg = Debug|Any CPU
		{9A585C12-5702-4F68-98CC-CCF04E96A367}.Debug|x64.Build.0 = Debug|Any CPU
		{9A585C12-5702-4F68-98CC-CCF04E96A367}.Debug|x86.ActiveCfg = Debug|Any CPU
		{9A585C12-5702-4F68-98CC-CCF04E96A367}.Debug|x86.Build.0 = Debug|Any CPU
		{9A585C12-5702-4F68-98CC-CCF04E96A367}.Release|Any CPU.ActiveCfg = Release|Any CPU
		{9A585C12-5702-4F68-98CC-CCF04E96A367}.Release|Any CPU.Build.0 = Release|Any CPU
		{9A585C12-5702-4F68-98CC-CCF04E96A367}.Release|x64.ActiveCfg = Release|Any CPU
		{9A585C12-5702-4F68-98CC-CCF04E96A367}.Release|x64.Build.0 = Release|Any CPU
		{9A585C12-5702-4F68-98CC-CCF04E96A367}.Release|x86.ActiveCfg = Release|Any CPU
		{9A585C12-5702-4F68-98CC-CCF04E96A367}.Release|x86.Build.0 = Release|Any CPU
		{8BF3AB16-39C0-4147-BCEF-491AFE6C0054}.Debug|Any CPU.ActiveCfg = Debug|Any CPU
		{8BF3AB16-39C0-4147-BCEF-491AFE6C0054}.Debug|Any CPU.Build.0 = Debug|Any CPU
		{8BF3AB16-39C0-4147-BCEF-491AFE6C0054}.Debug|x64.ActiveCfg = Debug|Any CPU
		{8BF3AB16-39C0-4147-BCEF-491AFE6C0054}.Debug|x64.Build.0 = Debug|Any CPU
		{8BF3AB16-39C0-4147-BCEF-491AFE6C0054}.Debug|x86.ActiveCfg = Debug|Any CPU
		{8BF3AB16-39C0-4147-BCEF-491AFE6C0054}.Debug|x86.Build.0 = Debug|Any CPU
		{8BF3AB16-39C0-4147-BCEF-491AFE6C0054}.Release|Any CPU.ActiveCfg = Release|Any CPU
		{8BF3AB16-39C0-4147-BCEF-491AFE6C0054}.Release|Any CPU.Build.0 = Release|Any CPU
		{8BF3AB16-39C0-4147-BCEF-491AFE6C0054}.Release|x64.ActiveCfg = Release|Any CPU
		{8BF3AB16-39C0-4147-BCEF-491AFE6C0054}.Release|x64.Build.0 = Release|Any CPU
		{8BF3AB16-39C0-4147-BCEF-491AFE6C0054}.Release|x86.ActiveCfg = Release|Any CPU
		{8BF3AB16-39C0-4147-BCEF-491AFE6C0054}.Release|x86.Build.0 = Release|Any CPU
		{21DAA7A7-62DF-42E4-9286-3CD3D1D13CC4}.Debug|Any CPU.ActiveCfg = Debug|Any CPU
		{21DAA7A7-62DF-42E4-9286-3CD3D1D13CC4}.Debug|Any CPU.Build.0 = Debug|Any CPU
		{21DAA7A7-62DF-42E4-9286-3CD3D1D13CC4}.Debug|x64.ActiveCfg = Debug|Any CPU
		{21DAA7A7-62DF-42E4-9286-3CD3D1D13CC4}.Debug|x64.Build.0 = Debug|Any CPU
		{21DAA7A7-62DF-42E4-9286-3CD3D1D13CC4}.Debug|x86.ActiveCfg = Debug|Any CPU
		{21DAA7A7-62DF-42E4-9286-3CD3D1D13CC4}.Debug|x86.Build.0 = Debug|Any CPU
		{21DAA7A7-62DF-42E4-9286-3CD3D1D13CC4}.Release|Any CPU.ActiveCfg = Release|Any CPU
		{21DAA7A7-62DF-42E4-9286-3CD3D1D13CC4}.Release|Any CPU.Build.0 = Release|Any CPU
		{21DAA7A7-62DF-42E4-9286-3CD3D1D13CC4}.Release|x64.ActiveCfg = Release|Any CPU
		{21DAA7A7-62DF-42E4-9286-3CD3D1D13CC4}.Release|x64.Build.0 = Release|Any CPU
		{21DAA7A7-62DF-42E4-9286-3CD3D1D13CC4}.Release|x86.ActiveCfg = Release|Any CPU
		{21DAA7A7-62DF-42E4-9286-3CD3D1D13CC4}.Release|x86.Build.0 = Release|Any CPU
		{2C88D148-8C7D-4D54-86F9-935E3F65F359}.Debug|Any CPU.ActiveCfg = Debug|Any CPU
		{2C88D148-8C7D-4D54-86F9-935E3F65F359}.Debug|Any CPU.Build.0 = Debug|Any CPU
		{2C88D148-8C7D-4D54-86F9-935E3F65F359}.Debug|x64.ActiveCfg = Debug|Any CPU
		{2C88D148-8C7D-4D54-86F9-935E3F65F359}.Debug|x64.Build.0 = Debug|Any CPU
		{2C88D148-8C7D-4D54-86F9-935E3F65F359}.Debug|x86.ActiveCfg = Debug|Any CPU
		{2C88D148-8C7D-4D54-86F9-935E3F65F359}.Debug|x86.Build.0 = Debug|Any CPU
		{2C88D148-8C7D-4D54-86F9-935E3F65F359}.Release|Any CPU.ActiveCfg = Release|Any CPU
		{2C88D148-8C7D-4D54-86F9-935E3F65F359}.Release|Any CPU.Build.0 = Release|Any CPU
		{2C88D148-8C7D-4D54-86F9-935E3F65F359}.Release|x64.ActiveCfg = Release|Any CPU
		{2C88D148-8C7D-4D54-86F9-935E3F65F359}.Release|x64.Build.0 = Release|Any CPU
		{2C88D148-8C7D-4D54-86F9-935E3F65F359}.Release|x86.ActiveCfg = Release|Any CPU
		{2C88D148-8C7D-4D54-86F9-935E3F65F359}.Release|x86.Build.0 = Release|Any CPU
	EndGlobalSection
	GlobalSection(SolutionProperties) = preSolution
		HideSolutionNode = FALSE
	EndGlobalSection
EndGlobal
